
Microsoft Visual Studio Solution File, Format Version 12.00
# Visual Studio Version 17
VisualStudioVersion = 17.1.32414.318
MinimumVisualStudioVersion = 10.0.40219.1
Project("{2150E333-8FDC-42A3-9474-1A3956D46DE8}") = "Biometrics", "Biometrics", "{E4A310B3-46D4-4982-9E0C-FD01CB0536D9}"
EndProject
Project("{2150E333-8FDC-42A3-9474-1A3956D46DE8}") = "DotNet", "DotNet", "{D7CAC71B-2E82-43A7-8B20-8FE64847F852}"
EndProject
Project("{9A19103F-16F7-4668-BE54-9A1E7A4F7556}") = "Image_Ascii", "Biometrics\Image_Ascii\Image_Ascii.csproj", "{BD6C03C0-E6B3-45AE-AA1D-4C725E4B8F07}"
EndProject
Project("{9A19103F-16F7-4668-BE54-9A1E7A4F7556}") = "Image_CellularAutomata", "Biometrics\Image_CellularAutomata\Image_CellularAutomata.csproj", "{66151F29-255B-4226-9ABA-9415E8AD8C9E}"
EndProject
Project("{9A19103F-16F7-4668-BE54-9A1E7A4F7556}") = "Image_Gradient", "Biometrics\Image_Gradient\Image_Gradient.csproj", "{0E9AACCE-4765-4299-A46C-CB61C96F3544}"
EndProject
Project("{9A19103F-16F7-4668-BE54-9A1E7A4F7556}") = "Image_Histogram", "Biometrics\Image_Histogram\Image_Histogram.csproj", "{17C35AB8-079C-463D-B67B-41CC054156EB}"
EndProject
Project("{9A19103F-16F7-4668-BE54-9A1E7A4F7556}") = "Image_Segmentation", "Biometrics\Image_Segmentation\Image_Segmentation.csproj", "{3B000F9C-7252-4847-9337-29502B461DED}"
EndProject
Project("{9A19103F-16F7-4668-BE54-9A1E7A4F7556}") = "Image_Thinning_K3M", "Biometrics\Image_Thinning_K3M\Image_Thinning_K3M.csproj", "{6DA10505-0B14-4186-83A3-29B79F2282F6}"
EndProject
Project("{9A19103F-16F7-4668-BE54-9A1E7A4F7556}") = "Image_Thinning_ZhangSuen_Monogame", "Biometrics\Image_Thinning_ZhangSuen_Monogame\Image_Thinning_ZhangSuen_Monogame.csproj", "{52ABE01C-A274-460C-8FA9-50526B26D662}"
EndProject
Project("{9A19103F-16F7-4668-BE54-9A1E7A4F7556}") = "KeystrokeDynamics", "Biometrics\Keystroke_Dynamics\KeystrokeDynamics.csproj", "{86704972-FB34-458D-A7B1-BFE74FF6B405}"
EndProject
Project("{9A19103F-16F7-4668-BE54-9A1E7A4F7556}") = "RealTimeCharts", "Biometrics\RealTimeChart\RealTimeCharts.csproj", "{80C51694-1BA3-4B9D-90E6-C3A31ECBA918}"
EndProject
Project("{9A19103F-16F7-4668-BE54-9A1E7A4F7556}") = "Console_Benchmarks_Showcase", "DotNet\Console_Benchmarks_Showcase\Console_Benchmarks_Showcase.csproj", "{CDF30137-5138-4A61-AC61-08A55E1CB66C}"
EndProject
Project("{9A19103F-16F7-4668-BE54-9A1E7A4F7556}") = "Console_Dependency_Injection_Showcase", "DotNet\Console_Dependency_Injection_Showcase\Console_Dependency_Injection_Showcase.csproj", "{5DDA5256-6063-4A89-91E9-7CFCA4CDA957}"
EndProject
Project("{9A19103F-16F7-4668-BE54-9A1E7A4F7556}") = "Console_EntityFramework_Database", "DotNet\Console_EntityFramework_Database\Console_EntityFramework_Database.csproj", "{10BDDC0D-1ED3-4529-BE06-A112536F338C}"
EndProject
Project("{9A19103F-16F7-4668-BE54-9A1E7A4F7556}") = "Console_CollectionsReferences_Showcase", "DotNet\Console_VariousTests\Console_CollectionsReferences_Showcase.csproj", "{00E6B25F-B193-4B49-8971-49B37D7F6D76}"
EndProject
Project("{9A19103F-16F7-4668-BE54-9A1E7A4F7556}") = "UnitTests_KeystrokeDynamics", "DotNet\UnitTests_KeystrokeDynamics\UnitTests_KeystrokeDynamics.csproj", "{081C837B-2791-4F80-86EE-DF2E4C5FA899}"
EndProject
Project("{9A19103F-16F7-4668-BE54-9A1E7A4F7556}") = "Web_API_Showcase", "DotNet\Web_API_Showcase\Web_API_Showcase.csproj", "{90299E15-9841-4AA9-A70C-89843962FC48}"
EndProject
Project("{9A19103F-16F7-4668-BE54-9A1E7A4F7556}") = "WPF_Task_Showcase", "DotNet\WPF_Task_Showcase\WPF_Task_Showcase.csproj", "{F5A3ADE5-C768-41FD-8C2F-523E606D6A53}"
EndProject
Project("{9A19103F-16F7-4668-BE54-9A1E7A4F7556}") = "WPF_UI_Generator", "DotNet\WPF_UI_Generator\WPF_UI_Generator.csproj", "{563A88D8-1864-448C-B9EB-1DCA68BCEEDA}"
EndProject
Project("{9A19103F-16F7-4668-BE54-9A1E7A4F7556}") = "Console_Threads_Showcase", "DotNet\Console_Threads_Showcase\Console_Threads_Showcase.csproj", "{55E2A1FA-C473-4606-9CA5-E2B28122D3B3}"
EndProject
Project("{2150E333-8FDC-42A3-9474-1A3956D46DE8}") = "Solution Items", "Solution Items", "{69F34AF6-F2D2-4D48-84AA-54CADAD00AE5}"
	ProjectSection(SolutionItems) = preProject
		readme.md = readme.md
	EndProjectSection
EndProject
Global
	GlobalSection(SolutionConfigurationPlatforms) = preSolution
		Debug|Any CPU = Debug|Any CPU
		Release|Any CPU = Release|Any CPU
	EndGlobalSection
	GlobalSection(ProjectConfigurationPlatforms) = postSolution
		{BD6C03C0-E6B3-45AE-AA1D-4C725E4B8F07}.Debug|Any CPU.ActiveCfg = Debug|Any CPU
		{BD6C03C0-E6B3-45AE-AA1D-4C725E4B8F07}.Debug|Any CPU.Build.0 = Debug|Any CPU
		{BD6C03C0-E6B3-45AE-AA1D-4C725E4B8F07}.Release|Any CPU.ActiveCfg = Release|Any CPU
		{BD6C03C0-E6B3-45AE-AA1D-4C725E4B8F07}.Release|Any CPU.Build.0 = Release|Any CPU
		{66151F29-255B-4226-9ABA-9415E8AD8C9E}.Debug|Any CPU.ActiveCfg = Debug|Any CPU
		{66151F29-255B-4226-9ABA-9415E8AD8C9E}.Debug|Any CPU.Build.0 = Debug|Any CPU
		{66151F29-255B-4226-9ABA-9415E8AD8C9E}.Release|Any CPU.ActiveCfg = Release|Any CPU
		{66151F29-255B-4226-9ABA-9415E8AD8C9E}.Release|Any CPU.Build.0 = Release|Any CPU
		{0E9AACCE-4765-4299-A46C-CB61C96F3544}.Debug|Any CPU.ActiveCfg = Debug|Any CPU
		{0E9AACCE-4765-4299-A46C-CB61C96F3544}.Debug|Any CPU.Build.0 = Debug|Any CPU
		{0E9AACCE-4765-4299-A46C-CB61C96F3544}.Release|Any CPU.ActiveCfg = Release|Any CPU
		{0E9AACCE-4765-4299-A46C-CB61C96F3544}.Release|Any CPU.Build.0 = Release|Any CPU
		{17C35AB8-079C-463D-B67B-41CC054156EB}.Debug|Any CPU.ActiveCfg = Debug|Any CPU
		{17C35AB8-079C-463D-B67B-41CC054156EB}.Debug|Any CPU.Build.0 = Debug|Any CPU
		{17C35AB8-079C-463D-B67B-41CC054156EB}.Release|Any CPU.ActiveCfg = Release|Any CPU
		{17C35AB8-079C-463D-B67B-41CC054156EB}.Release|Any CPU.Build.0 = Release|Any CPU
		{3B000F9C-7252-4847-9337-29502B461DED}.Debug|Any CPU.ActiveCfg = Debug|Any CPU
		{3B000F9C-7252-4847-9337-29502B461DED}.Debug|Any CPU.Build.0 = Debug|Any CPU
		{3B000F9C-7252-4847-9337-29502B461DED}.Release|Any CPU.ActiveCfg = Release|Any CPU
		{3B000F9C-7252-4847-9337-29502B461DED}.Release|Any CPU.Build.0 = Release|Any CPU
		{6DA10505-0B14-4186-83A3-29B79F2282F6}.Debug|Any CPU.ActiveCfg = Debug|Any CPU
		{6DA10505-0B14-4186-83A3-29B79F2282F6}.Debug|Any CPU.Build.0 = Debug|Any CPU
		{6DA10505-0B14-4186-83A3-29B79F2282F6}.Release|Any CPU.ActiveCfg = Release|Any CPU
		{6DA10505-0B14-4186-83A3-29B79F2282F6}.Release|Any CPU.Build.0 = Release|Any CPU
		{52ABE01C-A274-460C-8FA9-50526B26D662}.Debug|Any CPU.ActiveCfg = Debug|Any CPU
		{52ABE01C-A274-460C-8FA9-50526B26D662}.Debug|Any CPU.Build.0 = Debug|Any CPU
		{52ABE01C-A274-460C-8FA9-50526B26D662}.Release|Any CPU.ActiveCfg = Release|Any CPU
		{52ABE01C-A274-460C-8FA9-50526B26D662}.Release|Any CPU.Build.0 = Release|Any CPU
		{86704972-FB34-458D-A7B1-BFE74FF6B405}.Debug|Any CPU.ActiveCfg = Debug|Any CPU
		{86704972-FB34-458D-A7B1-BFE74FF6B405}.Debug|Any CPU.Build.0 = Debug|Any CPU
		{86704972-FB34-458D-A7B1-BFE74FF6B405}.Release|Any CPU.ActiveCfg = Release|Any CPU
		{86704972-FB34-458D-A7B1-BFE74FF6B405}.Release|Any CPU.Build.0 = Release|Any CPU
		{80C51694-1BA3-4B9D-90E6-C3A31ECBA918}.Debug|Any CPU.ActiveCfg = Debug|Any CPU
		{80C51694-1BA3-4B9D-90E6-C3A31ECBA918}.Debug|Any CPU.Build.0 = Debug|Any CPU
		{80C51694-1BA3-4B9D-90E6-C3A31ECBA918}.Release|Any CPU.ActiveCfg = Release|Any CPU
		{80C51694-1BA3-4B9D-90E6-C3A31ECBA918}.Release|Any CPU.Build.0 = Release|Any CPU
		{CDF30137-5138-4A61-AC61-08A55E1CB66C}.Debug|Any CPU.ActiveCfg = Debug|Any CPU
		{CDF30137-5138-4A61-AC61-08A55E1CB66C}.Debug|Any CPU.Build.0 = Debug|Any CPU
		{CDF30137-5138-4A61-AC61-08A55E1CB66C}.Release|Any CPU.ActiveCfg = Release|Any CPU
		{CDF30137-5138-4A61-AC61-08A55E1CB66C}.Release|Any CPU.Build.0 = Release|Any CPU
		{5DDA5256-6063-4A89-91E9-7CFCA4CDA957}.Debug|Any CPU.ActiveCfg = Debug|Any CPU
		{5DDA5256-6063-4A89-91E9-7CFCA4CDA957}.Debug|Any CPU.Build.0 = Debug|Any CPU
		{5DDA5256-6063-4A89-91E9-7CFCA4CDA957}.Release|Any CPU.ActiveCfg = Release|Any CPU
		{5DDA5256-6063-4A89-91E9-7CFCA4CDA957}.Release|Any CPU.Build.0 = Release|Any CPU
		{10BDDC0D-1ED3-4529-BE06-A112536F338C}.Debug|Any CPU.ActiveCfg = Debug|Any CPU
		{10BDDC0D-1ED3-4529-BE06-A112536F338C}.Debug|Any CPU.Build.0 = Debug|Any CPU
		{10BDDC0D-1ED3-4529-BE06-A112536F338C}.Release|Any CPU.ActiveCfg = Release|Any CPU
		{10BDDC0D-1ED3-4529-BE06-A112536F338C}.Release|Any CPU.Build.0 = Release|Any CPU
		{00E6B25F-B193-4B49-8971-49B37D7F6D76}.Debug|Any CPU.ActiveCfg = Debug|Any CPU
		{00E6B25F-B193-4B49-8971-49B37D7F6D76}.Debug|Any CPU.Build.0 = Debug|Any CPU
		{00E6B25F-B193-4B49-8971-49B37D7F6D76}.Release|Any CPU.ActiveCfg = Release|Any CPU
		{00E6B25F-B193-4B49-8971-49B37D7F6D76}.Release|Any CPU.Build.0 = Release|Any CPU
		{081C837B-2791-4F80-86EE-DF2E4C5FA899}.Debug|Any CPU.ActiveCfg = Debug|Any CPU
		{081C837B-2791-4F80-86EE-DF2E4C5FA899}.Debug|Any CPU.Build.0 = Debug|Any CPU
		{081C837B-2791-4F80-86EE-DF2E4C5FA899}.Release|Any CPU.ActiveCfg = Release|Any CPU
		{081C837B-2791-4F80-86EE-DF2E4C5FA899}.Release|Any CPU.Build.0 = Release|Any CPU
		{90299E15-9841-4AA9-A70C-89843962FC48}.Debug|Any CPU.ActiveCfg = Debug|Any CPU
		{90299E15-9841-4AA9-A70C-89843962FC48}.Debug|Any CPU.Build.0 = Debug|Any CPU
		{90299E15-9841-4AA9-A70C-89843962FC48}.Release|Any CPU.ActiveCfg = Release|Any CPU
		{90299E15-9841-4AA9-A70C-89843962FC48}.Release|Any CPU.Build.0 = Release|Any CPU
		{F5A3ADE5-C768-41FD-8C2F-523E606D6A53}.Debug|Any CPU.ActiveCfg = Debug|Any CPU
		{F5A3ADE5-C768-41FD-8C2F-523E606D6A53}.Debug|Any CPU.Build.0 = Debug|Any CPU
		{F5A3ADE5-C768-41FD-8C2F-523E606D6A53}.Release|Any CPU.ActiveCfg = Release|Any CPU
		{F5A3ADE5-C768-41FD-8C2F-523E606D6A53}.Release|Any CPU.Build.0 = Release|Any CPU
		{563A88D8-1864-448C-B9EB-1DCA68BCEEDA}.Debug|Any CPU.ActiveCfg = Debug|Any CPU
		{563A88D8-1864-448C-B9EB-1DCA68BCEEDA}.Debug|Any CPU.Build.0 = Debug|Any CPU
		{563A88D8-1864-448C-B9EB-1DCA68BCEEDA}.Release|Any CPU.ActiveCfg = Release|Any CPU
		{563A88D8-1864-448C-B9EB-1DCA68BCEEDA}.Release|Any CPU.Build.0 = Release|Any CPU
		{55E2A1FA-C473-4606-9CA5-E2B28122D3B3}.Debug|Any CPU.ActiveCfg = Debug|Any CPU
		{55E2A1FA-C473-4606-9CA5-E2B28122D3B3}.Debug|Any CPU.Build.0 = Debug|Any CPU
		{55E2A1FA-C473-4606-9CA5-E2B28122D3B3}.Release|Any CPU.ActiveCfg = Release|Any CPU
		{55E2A1FA-C473-4606-9CA5-E2B28122D3B3}.Release|Any CPU.Build.0 = Release|Any CPU
	EndGlobalSection
	GlobalSection(SolutionProperties) = preSolution
		HideSolutionNode = FALSE
	EndGlobalSection
	GlobalSection(NestedProjects) = preSolution
		{BD6C03C0-E6B3-45AE-AA1D-4C725E4B8F07} = {E4A310B3-46D4-4982-9E0C-FD01CB0536D9}
		{66151F29-255B-4226-9ABA-9415E8AD8C9E} = {E4A310B3-46D4-4982-9E0C-FD01CB0536D9}
		{0E9AACCE-4765-4299-A46C-CB61C96F3544} = {E4A310B3-46D4-4982-9E0C-FD01CB0536D9}
		{17C35AB8-079C-463D-B67B-41CC054156EB} = {E4A310B3-46D4-4982-9E0C-FD01CB0536D9}
		{3B000F9C-7252-4847-9337-29502B461DED} = {E4A310B3-46D4-4982-9E0C-FD01CB0536D9}
		{6DA10505-0B14-4186-83A3-29B79F2282F6} = {E4A310B3-46D4-4982-9E0C-FD01CB0536D9}
		{52ABE01C-A274-460C-8FA9-50526B26D662} = {E4A310B3-46D4-4982-9E0C-FD01CB0536D9}
		{86704972-FB34-458D-A7B1-BFE74FF6B405} = {E4A310B3-46D4-4982-9E0C-FD01CB0536D9}
		{80C51694-1BA3-4B9D-90E6-C3A31ECBA918} = {E4A310B3-46D4-4982-9E0C-FD01CB0536D9}
		{CDF30137-5138-4A61-AC61-08A55E1CB66C} = {D7CAC71B-2E82-43A7-8B20-8FE64847F852}
		{5DDA5256-6063-4A89-91E9-7CFCA4CDA957} = {D7CAC71B-2E82-43A7-8B20-8FE64847F852}
		{10BDDC0D-1ED3-4529-BE06-A112536F338C} = {D7CAC71B-2E82-43A7-8B20-8FE64847F852}
		{00E6B25F-B193-4B49-8971-49B37D7F6D76} = {D7CAC71B-2E82-43A7-8B20-8FE64847F852}
		{081C837B-2791-4F80-86EE-DF2E4C5FA899} = {D7CAC71B-2E82-43A7-8B20-8FE64847F852}
		{90299E15-9841-4AA9-A70C-89843962FC48} = {D7CAC71B-2E82-43A7-8B20-8FE64847F852}
		{F5A3ADE5-C768-41FD-8C2F-523E606D6A53} = {D7CAC71B-2E82-43A7-8B20-8FE64847F852}
		{563A88D8-1864-448C-B9EB-1DCA68BCEEDA} = {D7CAC71B-2E82-43A7-8B20-8FE64847F852}
		{55E2A1FA-C473-4606-9CA5-E2B28122D3B3} = {D7CAC71B-2E82-43A7-8B20-8FE64847F852}
	EndGlobalSection
	GlobalSection(ExtensibilityGlobals) = postSolution
		SolutionGuid = {04C9F867-1B30-4A9E-9B08-6A49ADCCD8A6}
	EndGlobalSection
EndGlobal
