
Microsoft Visual Studio Solution File, Format Version 12.00
# Visual Studio Version 17
VisualStudioVersion = 17.1.32414.318
MinimumVisualStudioVersion = 10.0.40219.1
Project("{9A19103F-16F7-4668-BE54-9A1E7A4F7556}") = "ConsoleTests", "ConsoleTests\ConsoleTests.csproj", "{D9A2CF20-CECA-40EE-8B03-944665558FF8}"
EndProject
Project("{9A19103F-16F7-4668-BE54-9A1E7A4F7556}") = "RealTimeCharts", "RealTimeChart\RealTimeCharts.csproj", "{CCE19A13-48A7-46A7-B439-73270457EB3E}"
EndProject
Project("{9A19103F-16F7-4668-BE54-9A1E7A4F7556}") = "GradientApp", "GradientApp\GradientApp.csproj", "{AA6A4990-8B79-414D-98B1-A3BD79E7F74B}"
EndProject
Project("{9A19103F-16F7-4668-BE54-9A1E7A4F7556}") = "HistogramApp", "HistogramApp\HistogramApp.csproj", "{41657B09-50D7-47C5-A40C-FE1776A56F55}"
EndProject
Project("{9A19103F-16F7-4668-BE54-9A1E7A4F7556}") = "K3mThinning", "K3mThinning\K3mThinning.csproj", "{9F37A3D1-2660-4226-9FC1-8838006FFED9}"
EndProject
Project("{9A19103F-16F7-4668-BE54-9A1E7A4F7556}") = "KeystrokeDynamics", "KeystrokeDynamics\KeystrokeDynamics.csproj", "{04F0481D-9869-48E6-9829-84FDD46714C3}"
EndProject
Project("{9A19103F-16F7-4668-BE54-9A1E7A4F7556}") = "KeystrokeDynamicsTests", "KeystrokeDynamicsTests\KeystrokeDynamicsTests.csproj", "{7AE92FDF-C606-4474-8695-F8A362F32862}"
EndProject
Project("{9A19103F-16F7-4668-BE54-9A1E7A4F7556}") = "CellularAutomata", "CellularAutomata\CellularAutomata.csproj", "{27600F3D-AE3F-4C63-B9D1-7AB47B873C91}"
EndProject
Project("{9A19103F-16F7-4668-BE54-9A1E7A4F7556}") = "GeneratorUI", "GeneratorUI\GeneratorUI.csproj", "{CD5D5879-7C56-4B22-BF95-8A1947B6C9EE}"
EndProject
Project("{9A19103F-16F7-4668-BE54-9A1E7A4F7556}") = "Segmentation", "Segmentation\Segmentation.csproj", "{FF67A58F-F559-4401-BC7F-88A0EB6D02F2}"
EndProject
Project("{9A19103F-16F7-4668-BE54-9A1E7A4F7556}") = "Benchmarks", "Benchmarks\Benchmarks.csproj", "{0C8FC4EE-1D24-4EA9-9377-B6B90C85F901}"
EndProject
Project("{9A19103F-16F7-4668-BE54-9A1E7A4F7556}") = "MonogameImages", "MonogameImages\MonogameImages.csproj", "{AC0F805F-93B9-4C19-92A1-AC721D586D72}"
EndProject
Project("{9A19103F-16F7-4668-BE54-9A1E7A4F7556}") = "DepInj", "DepInj\DepInj.csproj", "{9C9C610B-1C58-46DC-8148-E700FAB826E0}"
EndProject
Project("{9A19103F-16F7-4668-BE54-9A1E7A4F7556}") = "WebAPI", "WebAPI\WebAPI.csproj", "{4DAF73A1-4C1F-42B6-8B7F-86519946B998}"
EndProject
Project("{9A19103F-16F7-4668-BE54-9A1E7A4F7556}") = "TaskWpf", "TaskWpf\TaskWpf.csproj", "{F9DC06C0-139A-40D8-970C-A224C73F6BB4}"
EndProject
Project("{9A19103F-16F7-4668-BE54-9A1E7A4F7556}") = "Threads", "Threads\Threads.csproj", "{F8434CD3-FA39-4532-96AB-40B6AF9CE3D2}"
EndProject
Project("{FAE04EC0-301F-11D3-BF4B-00C04F79EFBC}") = "ConsoleDatabase", "ConsoleDatabase\ConsoleDatabase.csproj", "{572631F8-F3CA-4ACC-BBE1-859DC1DE65E7}"
EndProject
Project("{FAE04EC0-301F-11D3-BF4B-00C04F79EFBC}") = "AsciiWpf", "AsciiWpf\AsciiWpf.csproj", "{86A147C5-B27E-45E7-8BAD-424A5F5D958D}"
EndProject
Global
	GlobalSection(SolutionConfigurationPlatforms) = preSolution
		Debug|Any CPU = Debug|Any CPU
		Release|Any CPU = Release|Any CPU
	EndGlobalSection
	GlobalSection(ProjectConfigurationPlatforms) = postSolution
		{D9A2CF20-CECA-40EE-8B03-944665558FF8}.Debug|Any CPU.ActiveCfg = Debug|Any CPU
		{D9A2CF20-CECA-40EE-8B03-944665558FF8}.Debug|Any CPU.Build.0 = Debug|Any CPU
		{D9A2CF20-CECA-40EE-8B03-944665558FF8}.Release|Any CPU.ActiveCfg = Release|Any CPU
		{D9A2CF20-CECA-40EE-8B03-944665558FF8}.Release|Any CPU.Build.0 = Release|Any CPU
		{CCE19A13-48A7-46A7-B439-73270457EB3E}.Debug|Any CPU.ActiveCfg = Debug|Any CPU
		{CCE19A13-48A7-46A7-B439-73270457EB3E}.Debug|Any CPU.Build.0 = Debug|Any CPU
		{CCE19A13-48A7-46A7-B439-73270457EB3E}.Release|Any CPU.ActiveCfg = Release|Any CPU
		{CCE19A13-48A7-46A7-B439-73270457EB3E}.Release|Any CPU.Build.0 = Release|Any CPU
		{AA6A4990-8B79-414D-98B1-A3BD79E7F74B}.Debug|Any CPU.ActiveCfg = Debug|Any CPU
		{AA6A4990-8B79-414D-98B1-A3BD79E7F74B}.Debug|Any CPU.Build.0 = Debug|Any CPU
		{AA6A4990-8B79-414D-98B1-A3BD79E7F74B}.Release|Any CPU.ActiveCfg = Release|Any CPU
		{AA6A4990-8B79-414D-98B1-A3BD79E7F74B}.Release|Any CPU.Build.0 = Release|Any CPU
		{41657B09-50D7-47C5-A40C-FE1776A56F55}.Debug|Any CPU.ActiveCfg = Debug|Any CPU
		{41657B09-50D7-47C5-A40C-FE1776A56F55}.Debug|Any CPU.Build.0 = Debug|Any CPU
		{41657B09-50D7-47C5-A40C-FE1776A56F55}.Release|Any CPU.ActiveCfg = Release|Any CPU
		{41657B09-50D7-47C5-A40C-FE1776A56F55}.Release|Any CPU.Build.0 = Release|Any CPU
		{9F37A3D1-2660-4226-9FC1-8838006FFED9}.Debug|Any CPU.ActiveCfg = Debug|Any CPU
		{9F37A3D1-2660-4226-9FC1-8838006FFED9}.Debug|Any CPU.Build.0 = Debug|Any CPU
		{9F37A3D1-2660-4226-9FC1-8838006FFED9}.Release|Any CPU.ActiveCfg = Release|Any CPU
		{9F37A3D1-2660-4226-9FC1-8838006FFED9}.Release|Any CPU.Build.0 = Release|Any CPU
		{04F0481D-9869-48E6-9829-84FDD46714C3}.Debug|Any CPU.ActiveCfg = Debug|Any CPU
		{04F0481D-9869-48E6-9829-84FDD46714C3}.Debug|Any CPU.Build.0 = Debug|Any CPU
		{04F0481D-9869-48E6-9829-84FDD46714C3}.Release|Any CPU.ActiveCfg = Release|Any CPU
		{04F0481D-9869-48E6-9829-84FDD46714C3}.Release|Any CPU.Build.0 = Release|Any CPU
		{7AE92FDF-C606-4474-8695-F8A362F32862}.Debug|Any CPU.ActiveCfg = Debug|Any CPU
		{7AE92FDF-C606-4474-8695-F8A362F32862}.Debug|Any CPU.Build.0 = Debug|Any CPU
		{7AE92FDF-C606-4474-8695-F8A362F32862}.Release|Any CPU.ActiveCfg = Release|Any CPU
		{7AE92FDF-C606-4474-8695-F8A362F32862}.Release|Any CPU.Build.0 = Release|Any CPU
		{27600F3D-AE3F-4C63-B9D1-7AB47B873C91}.Debug|Any CPU.ActiveCfg = Debug|Any CPU
		{27600F3D-AE3F-4C63-B9D1-7AB47B873C91}.Debug|Any CPU.Build.0 = Debug|Any CPU
		{27600F3D-AE3F-4C63-B9D1-7AB47B873C91}.Release|Any CPU.ActiveCfg = Release|Any CPU
		{27600F3D-AE3F-4C63-B9D1-7AB47B873C91}.Release|Any CPU.Build.0 = Release|Any CPU
		{CD5D5879-7C56-4B22-BF95-8A1947B6C9EE}.Debug|Any CPU.ActiveCfg = Debug|Any CPU
		{CD5D5879-7C56-4B22-BF95-8A1947B6C9EE}.Debug|Any CPU.Build.0 = Debug|Any CPU
		{CD5D5879-7C56-4B22-BF95-8A1947B6C9EE}.Release|Any CPU.ActiveCfg = Release|Any CPU
		{CD5D5879-7C56-4B22-BF95-8A1947B6C9EE}.Release|Any CPU.Build.0 = Release|Any CPU
		{FF67A58F-F559-4401-BC7F-88A0EB6D02F2}.Debug|Any CPU.ActiveCfg = Debug|Any CPU
		{FF67A58F-F559-4401-BC7F-88A0EB6D02F2}.Debug|Any CPU.Build.0 = Debug|Any CPU
		{FF67A58F-F559-4401-BC7F-88A0EB6D02F2}.Release|Any CPU.ActiveCfg = Release|Any CPU
		{FF67A58F-F559-4401-BC7F-88A0EB6D02F2}.Release|Any CPU.Build.0 = Release|Any CPU
		{0C8FC4EE-1D24-4EA9-9377-B6B90C85F901}.Debug|Any CPU.ActiveCfg = Debug|Any CPU
		{0C8FC4EE-1D24-4EA9-9377-B6B90C85F901}.Debug|Any CPU.Build.0 = Debug|Any CPU
		{0C8FC4EE-1D24-4EA9-9377-B6B90C85F901}.Release|Any CPU.ActiveCfg = Release|Any CPU
		{0C8FC4EE-1D24-4EA9-9377-B6B90C85F901}.Release|Any CPU.Build.0 = Release|Any CPU
		{AC0F805F-93B9-4C19-92A1-AC721D586D72}.Debug|Any CPU.ActiveCfg = Debug|Any CPU
		{AC0F805F-93B9-4C19-92A1-AC721D586D72}.Debug|Any CPU.Build.0 = Debug|Any CPU
		{AC0F805F-93B9-4C19-92A1-AC721D586D72}.Release|Any CPU.ActiveCfg = Release|Any CPU
		{AC0F805F-93B9-4C19-92A1-AC721D586D72}.Release|Any CPU.Build.0 = Release|Any CPU
		{9C9C610B-1C58-46DC-8148-E700FAB826E0}.Debug|Any CPU.ActiveCfg = Debug|Any CPU
		{9C9C610B-1C58-46DC-8148-E700FAB826E0}.Debug|Any CPU.Build.0 = Debug|Any CPU
		{9C9C610B-1C58-46DC-8148-E700FAB826E0}.Release|Any CPU.ActiveCfg = Release|Any CPU
		{9C9C610B-1C58-46DC-8148-E700FAB826E0}.Release|Any CPU.Build.0 = Release|Any CPU
		{4DAF73A1-4C1F-42B6-8B7F-86519946B998}.Debug|Any CPU.ActiveCfg = Debug|Any CPU
		{4DAF73A1-4C1F-42B6-8B7F-86519946B998}.Debug|Any CPU.Build.0 = Debug|Any CPU
		{4DAF73A1-4C1F-42B6-8B7F-86519946B998}.Release|Any CPU.ActiveCfg = Release|Any CPU
		{4DAF73A1-4C1F-42B6-8B7F-86519946B998}.Release|Any CPU.Build.0 = Release|Any CPU
		{F9DC06C0-139A-40D8-970C-A224C73F6BB4}.Debug|Any CPU.ActiveCfg = Debug|Any CPU
		{F9DC06C0-139A-40D8-970C-A224C73F6BB4}.Debug|Any CPU.Build.0 = Debug|Any CPU
		{F9DC06C0-139A-40D8-970C-A224C73F6BB4}.Release|Any CPU.ActiveCfg = Release|Any CPU
		{F9DC06C0-139A-40D8-970C-A224C73F6BB4}.Release|Any CPU.Build.0 = Release|Any CPU
		{F8434CD3-FA39-4532-96AB-40B6AF9CE3D2}.Debug|Any CPU.ActiveCfg = Debug|Any CPU
		{F8434CD3-FA39-4532-96AB-40B6AF9CE3D2}.Debug|Any CPU.Build.0 = Debug|Any CPU
		{F8434CD3-FA39-4532-96AB-40B6AF9CE3D2}.Release|Any CPU.ActiveCfg = Release|Any CPU
		{F8434CD3-FA39-4532-96AB-40B6AF9CE3D2}.Release|Any CPU.Build.0 = Release|Any CPU
		{572631F8-F3CA-4ACC-BBE1-859DC1DE65E7}.Debug|Any CPU.ActiveCfg = Debug|Any CPU
		{572631F8-F3CA-4ACC-BBE1-859DC1DE65E7}.Debug|Any CPU.Build.0 = Debug|Any CPU
		{572631F8-F3CA-4ACC-BBE1-859DC1DE65E7}.Release|Any CPU.ActiveCfg = Release|Any CPU
		{572631F8-F3CA-4ACC-BBE1-859DC1DE65E7}.Release|Any CPU.Build.0 = Release|Any CPU
		{86A147C5-B27E-45E7-8BAD-424A5F5D958D}.Debug|Any CPU.ActiveCfg = Debug|Any CPU
		{86A147C5-B27E-45E7-8BAD-424A5F5D958D}.Debug|Any CPU.Build.0 = Debug|Any CPU
		{86A147C5-B27E-45E7-8BAD-424A5F5D958D}.Release|Any CPU.ActiveCfg = Release|Any CPU
		{86A147C5-B27E-45E7-8BAD-424A5F5D958D}.Release|Any CPU.Build.0 = Release|Any CPU
	EndGlobalSection
	GlobalSection(SolutionProperties) = preSolution
		HideSolutionNode = FALSE
	EndGlobalSection
	GlobalSection(ExtensibilityGlobals) = postSolution
		SolutionGuid = {04C9F867-1B30-4A9E-9B08-6A49ADCCD8A6}
	EndGlobalSection
EndGlobal
