
Microsoft Visual Studio Solution File, Format Version 12.00
# Visual Studio Version 16
VisualStudioVersion = 16.0.31729.503
MinimumVisualStudioVersion = 10.0.40219.1
Project("{9A19103F-16F7-4668-BE54-9A1E7A4F7556}") = "ConsoleTests", "ConsoleTests\ConsoleTests.csproj", "{D9A2CF20-CECA-40EE-8B03-944665558FF8}"
EndProject
Project("{FAE04EC0-301F-11D3-BF4B-00C04F79EFBC}") = "RealTimeCharts", "RealTimeChart\RealTimeCharts.csproj", "{CCE19A13-48A7-46A7-B439-73270457EB3E}"
EndProject
Global
	GlobalSection(SolutionConfigurationPlatforms) = preSolution
		Debug|Any CPU = Debug|Any CPU
		Release|Any CPU = Release|Any CPU
	EndGlobalSection
	GlobalSection(ProjectConfigurationPlatforms) = postSolution
		{D9A2CF20-CECA-40EE-8B03-944665558FF8}.Debug|Any CPU.ActiveCfg = Debug|Any CPU
		{D9A2CF20-CECA-40EE-8B03-944665558FF8}.Debug|Any CPU.Build.0 = Debug|Any CPU
		{D9A2CF20-CECA-40EE-8B03-944665558FF8}.Release|Any CPU.ActiveCfg = Release|Any CPU
		{D9A2CF20-CECA-40EE-8B03-944665558FF8}.Release|Any CPU.Build.0 = Release|Any CPU
		{CCE19A13-48A7-46A7-B439-73270457EB3E}.Debug|Any CPU.ActiveCfg = Debug|Any CPU
		{CCE19A13-48A7-46A7-B439-73270457EB3E}.Debug|Any CPU.Build.0 = Debug|Any CPU
		{CCE19A13-48A7-46A7-B439-73270457EB3E}.Release|Any CPU.ActiveCfg = Release|Any CPU
		{CCE19A13-48A7-46A7-B439-73270457EB3E}.Release|Any CPU.Build.0 = Release|Any CPU
	EndGlobalSection
	GlobalSection(SolutionProperties) = preSolution
		HideSolutionNode = FALSE
	EndGlobalSection
	GlobalSection(ExtensibilityGlobals) = postSolution
		SolutionGuid = {04C9F867-1B30-4A9E-9B08-6A49ADCCD8A6}
	EndGlobalSection
EndGlobal
